// !$*UTF8*$!
{
	archiveVersion = 1;
	classes = {
	};
	objectVersion = 50;
	objects = {

/* Begin PBXBuildFile section */
		F5122A1A2169345B00221437 /* AppDelegate.swift in Sources */ = {isa = PBXBuildFile; fileRef = F5122A192169345B00221437 /* AppDelegate.swift */; };
		F5122A1F2169345B00221437 /* Main.storyboard in Resources */ = {isa = PBXBuildFile; fileRef = F5122A1D2169345B00221437 /* Main.storyboard */; };
		F5122A212169345D00221437 /* Assets.xcassets in Resources */ = {isa = PBXBuildFile; fileRef = F5122A202169345D00221437 /* Assets.xcassets */; };
		F5122A242169345D00221437 /* LaunchScreen.storyboard in Resources */ = {isa = PBXBuildFile; fileRef = F5122A222169345D00221437 /* LaunchScreen.storyboard */; };
		F5122A3E2169369700221437 /* FeaturedMoviesViewController.swift in Sources */ = {isa = PBXBuildFile; fileRef = F5122A3D2169369700221437 /* FeaturedMoviesViewController.swift */; };
		F5122A412169396600221437 /* Constants.swift in Sources */ = {isa = PBXBuildFile; fileRef = F5122A402169396600221437 /* Constants.swift */; };
		F5122A4721693F4B00221437 /* JSONFileReader.swift in Sources */ = {isa = PBXBuildFile; fileRef = F5122A4621693F4B00221437 /* JSONFileReader.swift */; };
		F5122A4821693F4B00221437 /* JSONFileReader.swift in Sources */ = {isa = PBXBuildFile; fileRef = F5122A4621693F4B00221437 /* JSONFileReader.swift */; };
		F5122A4B21693F8600221437 /* UtilityError.swift in Sources */ = {isa = PBXBuildFile; fileRef = F5122A4A21693F8600221437 /* UtilityError.swift */; };
		F5122A4C21693F8600221437 /* UtilityError.swift in Sources */ = {isa = PBXBuildFile; fileRef = F5122A4A21693F8600221437 /* UtilityError.swift */; };
		F5122A4E2169401200221437 /* Result.swift in Sources */ = {isa = PBXBuildFile; fileRef = F5122A4D2169401200221437 /* Result.swift */; };
		F5122A4F2169401200221437 /* Result.swift in Sources */ = {isa = PBXBuildFile; fileRef = F5122A4D2169401200221437 /* Result.swift */; };
		F5122A512169405500221437 /* JSONParser.swift in Sources */ = {isa = PBXBuildFile; fileRef = F5122A502169405500221437 /* JSONParser.swift */; };
		F5122A522169405500221437 /* JSONParser.swift in Sources */ = {isa = PBXBuildFile; fileRef = F5122A502169405500221437 /* JSONParser.swift */; };
		F5122A542169407700221437 /* Model.swift in Sources */ = {isa = PBXBuildFile; fileRef = F5122A532169407700221437 /* Model.swift */; };
		F5122A552169407700221437 /* Model.swift in Sources */ = {isa = PBXBuildFile; fileRef = F5122A532169407700221437 /* Model.swift */; };
		F5122A59216940FA00221437 /* FeaturedMovieResource.swift in Sources */ = {isa = PBXBuildFile; fileRef = F5122A58216940FA00221437 /* FeaturedMovieResource.swift */; };
		F5122A5A216940FA00221437 /* FeaturedMovieResource.swift in Sources */ = {isa = PBXBuildFile; fileRef = F5122A58216940FA00221437 /* FeaturedMovieResource.swift */; };
		F5122A5C2169413300221437 /* RemoteFeaturedMovieResource.swift in Sources */ = {isa = PBXBuildFile; fileRef = F5122A5B2169413300221437 /* RemoteFeaturedMovieResource.swift */; };
		F5122A5D2169413300221437 /* RemoteFeaturedMovieResource.swift in Sources */ = {isa = PBXBuildFile; fileRef = F5122A5B2169413300221437 /* RemoteFeaturedMovieResource.swift */; };
		F5122A5F216941D500221437 /* StaticFeaturedMovieResource.swift in Sources */ = {isa = PBXBuildFile; fileRef = F5122A5E216941D500221437 /* StaticFeaturedMovieResource.swift */; };
		F5122A60216941D500221437 /* StaticFeaturedMovieResource.swift in Sources */ = {isa = PBXBuildFile; fileRef = F5122A5E216941D500221437 /* StaticFeaturedMovieResource.swift */; };
		F5122A622169430000221437 /* Movie.swift in Sources */ = {isa = PBXBuildFile; fileRef = F5122A612169430000221437 /* Movie.swift */; };
		F5122A632169430000221437 /* Movie.swift in Sources */ = {isa = PBXBuildFile; fileRef = F5122A612169430000221437 /* Movie.swift */; };
		F5122A662169453300221437 /* NetworkingManager.swift in Sources */ = {isa = PBXBuildFile; fileRef = F5122A652169453300221437 /* NetworkingManager.swift */; };
		F5122A682169539500221437 /* HTTPMethod.swift in Sources */ = {isa = PBXBuildFile; fileRef = F5122A672169539500221437 /* HTTPMethod.swift */; };
		F5122A6A216953AD00221437 /* Endpoint.swift in Sources */ = {isa = PBXBuildFile; fileRef = F5122A69216953AD00221437 /* Endpoint.swift */; };
		F5122A6B2169546300221437 /* NetworkingManager.swift in Sources */ = {isa = PBXBuildFile; fileRef = F5122A652169453300221437 /* NetworkingManager.swift */; };
		F5122A6D216954C900221437 /* HTTPMethod.swift in Sources */ = {isa = PBXBuildFile; fileRef = F5122A672169539500221437 /* HTTPMethod.swift */; };
		F5122A6E2169550500221437 /* Endpoint.swift in Sources */ = {isa = PBXBuildFile; fileRef = F5122A69216953AD00221437 /* Endpoint.swift */; };
		F5122A6F216955A400221437 /* Constants.swift in Sources */ = {isa = PBXBuildFile; fileRef = F5122A402169396600221437 /* Constants.swift */; };
		F5122A712169714900221437 /* MovieTest.swift in Sources */ = {isa = PBXBuildFile; fileRef = F5122A702169714900221437 /* MovieTest.swift */; };
		F5122A7421698B2900221437 /* movies.json in Resources */ = {isa = PBXBuildFile; fileRef = F5122A7321698B2900221437 /* movies.json */; };
		F5122A7521698CE200221437 /* movies.json in Resources */ = {isa = PBXBuildFile; fileRef = F5122A7321698B2900221437 /* movies.json */; };
		F5122A7721698EEC00221437 /* JSONParserTests.swift in Sources */ = {isa = PBXBuildFile; fileRef = F5122A7621698EEC00221437 /* JSONParserTests.swift */; };
		F5122A79216992F100221437 /* NetworkingTest.swift in Sources */ = {isa = PBXBuildFile; fileRef = F5122A78216992F100221437 /* NetworkingTest.swift */; };
		F5122A7B216998F100221437 /* FeaturedMovieResourceTest.swift in Sources */ = {isa = PBXBuildFile; fileRef = F5122A7A216998F100221437 /* FeaturedMovieResourceTest.swift */; };
		F5122A7E2169AA5900221437 /* UIView+Extensions.swift in Sources */ = {isa = PBXBuildFile; fileRef = F5122A7D2169AA5900221437 /* UIView+Extensions.swift */; };
		F5122A812169AAEF00221437 /* FeaturedSectionView.swift in Sources */ = {isa = PBXBuildFile; fileRef = F5122A802169AAEF00221437 /* FeaturedSectionView.swift */; };
		F5122A832169AB0400221437 /* FeaturedSectionView.xib in Resources */ = {isa = PBXBuildFile; fileRef = F5122A822169AB0400221437 /* FeaturedSectionView.xib */; };
		F5122A852169BCBA00221437 /* FeaturedMoviesSection.swift in Sources */ = {isa = PBXBuildFile; fileRef = F5122A842169BCBA00221437 /* FeaturedMoviesSection.swift */; };
		F5122A882169BDE300221437 /* FeaturedMoviesViewModel.swift in Sources */ = {isa = PBXBuildFile; fileRef = F5122A872169BDE300221437 /* FeaturedMoviesViewModel.swift */; };
		F5122A8A2169C54E00221437 /* FeaturedSectionViewModel.swift in Sources */ = {isa = PBXBuildFile; fileRef = F5122A892169C54E00221437 /* FeaturedSectionViewModel.swift */; };
		F5122A8B2169C58000221437 /* FeaturedSectionViewModel.swift in Sources */ = {isa = PBXBuildFile; fileRef = F5122A892169C54E00221437 /* FeaturedSectionViewModel.swift */; };
		F5122A8F216A2E9100221437 /* FeaturedSectionViewCell.swift in Sources */ = {isa = PBXBuildFile; fileRef = F5122A8D216A2E9100221437 /* FeaturedSectionViewCell.swift */; };
		F5122A90216A2E9100221437 /* FeaturedSectionViewCell.xib in Resources */ = {isa = PBXBuildFile; fileRef = F5122A8E216A2E9100221437 /* FeaturedSectionViewCell.xib */; };
		F5122A92216A333C00221437 /* UIImageView+Extensions.swift in Sources */ = {isa = PBXBuildFile; fileRef = F5122A91216A333C00221437 /* UIImageView+Extensions.swift */; };
		F5122A94216A4A3800221437 /* UICollectionView+Extensions.swift in Sources */ = {isa = PBXBuildFile; fileRef = F5122A93216A4A3800221437 /* UICollectionView+Extensions.swift */; };
		F5122A96216A4A5A00221437 /* NibLoadable.swift in Sources */ = {isa = PBXBuildFile; fileRef = F5122A95216A4A5A00221437 /* NibLoadable.swift */; };
		F5122A98216A4ABE00221437 /* FeaturedMoviesSectionTests.swift in Sources */ = {isa = PBXBuildFile; fileRef = F5122A97216A4ABE00221437 /* FeaturedMoviesSectionTests.swift */; };
		F5122A99216A4AC900221437 /* FeaturedMoviesSection.swift in Sources */ = {isa = PBXBuildFile; fileRef = F5122A842169BCBA00221437 /* FeaturedMoviesSection.swift */; };
		F5122A9A216A4D0100221437 /* FeaturedMoviesViewModel.swift in Sources */ = {isa = PBXBuildFile; fileRef = F5122A872169BDE300221437 /* FeaturedMoviesViewModel.swift */; };
		F5122A9C216A5A2C00221437 /* CarouselView.swift in Sources */ = {isa = PBXBuildFile; fileRef = F5122A9B216A5A2C00221437 /* CarouselView.swift */; };
		F5122AA3216A5B8300221437 /* CarouselViewCell.swift in Sources */ = {isa = PBXBuildFile; fileRef = F5122AA1216A5B8300221437 /* CarouselViewCell.swift */; };
		F5122AA4216A5B8300221437 /* CarouselViewCell.xib in Resources */ = {isa = PBXBuildFile; fileRef = F5122AA2216A5B8300221437 /* CarouselViewCell.xib */; };
		F5122AA6216A76AD00221437 /* banners.json in Resources */ = {isa = PBXBuildFile; fileRef = F5122AA5216A76AD00221437 /* banners.json */; };
		F5122AA7216A76B300221437 /* banners.json in Resources */ = {isa = PBXBuildFile; fileRef = F5122AA5216A76AD00221437 /* banners.json */; };
/* End PBXBuildFile section */

/* Begin PBXContainerItemProxy section */
		F5122A2B2169345D00221437 /* PBXContainerItemProxy */ = {
			isa = PBXContainerItemProxy;
			containerPortal = F5122A0E2169345A00221437 /* Project object */;
			proxyType = 1;
			remoteGlobalIDString = F5122A152169345A00221437;
			remoteInfo = AMC;
		};
/* End PBXContainerItemProxy section */

/* Begin PBXFileReference section */
		F5122A162169345A00221437 /* AMC.app */ = {isa = PBXFileReference; explicitFileType = wrapper.application; includeInIndex = 0; path = AMC.app; sourceTree = BUILT_PRODUCTS_DIR; };
		F5122A192169345B00221437 /* AppDelegate.swift */ = {isa = PBXFileReference; lastKnownFileType = sourcecode.swift; path = AppDelegate.swift; sourceTree = "<group>"; };
		F5122A1E2169345B00221437 /* Base */ = {isa = PBXFileReference; lastKnownFileType = file.storyboard; name = Base; path = Base.lproj/Main.storyboard; sourceTree = "<group>"; };
		F5122A202169345D00221437 /* Assets.xcassets */ = {isa = PBXFileReference; lastKnownFileType = folder.assetcatalog; path = Assets.xcassets; sourceTree = "<group>"; };
		F5122A232169345D00221437 /* Base */ = {isa = PBXFileReference; lastKnownFileType = file.storyboard; name = Base; path = Base.lproj/LaunchScreen.storyboard; sourceTree = "<group>"; };
		F5122A252169345D00221437 /* Info.plist */ = {isa = PBXFileReference; lastKnownFileType = text.plist.xml; path = Info.plist; sourceTree = "<group>"; };
		F5122A2A2169345D00221437 /* AMCTests.xctest */ = {isa = PBXFileReference; explicitFileType = wrapper.cfbundle; includeInIndex = 0; path = AMCTests.xctest; sourceTree = BUILT_PRODUCTS_DIR; };
		F5122A302169345D00221437 /* Info.plist */ = {isa = PBXFileReference; lastKnownFileType = text.plist.xml; path = Info.plist; sourceTree = "<group>"; };
		F5122A3D2169369700221437 /* FeaturedMoviesViewController.swift */ = {isa = PBXFileReference; lastKnownFileType = sourcecode.swift; path = FeaturedMoviesViewController.swift; sourceTree = "<group>"; };
		F5122A402169396600221437 /* Constants.swift */ = {isa = PBXFileReference; lastKnownFileType = sourcecode.swift; path = Constants.swift; sourceTree = "<group>"; };
		F5122A4621693F4B00221437 /* JSONFileReader.swift */ = {isa = PBXFileReference; lastKnownFileType = sourcecode.swift; path = JSONFileReader.swift; sourceTree = "<group>"; };
		F5122A4A21693F8600221437 /* UtilityError.swift */ = {isa = PBXFileReference; lastKnownFileType = sourcecode.swift; path = UtilityError.swift; sourceTree = "<group>"; };
		F5122A4D2169401200221437 /* Result.swift */ = {isa = PBXFileReference; lastKnownFileType = sourcecode.swift; path = Result.swift; sourceTree = "<group>"; };
		F5122A502169405500221437 /* JSONParser.swift */ = {isa = PBXFileReference; lastKnownFileType = sourcecode.swift; path = JSONParser.swift; sourceTree = "<group>"; };
		F5122A532169407700221437 /* Model.swift */ = {isa = PBXFileReference; lastKnownFileType = sourcecode.swift; path = Model.swift; sourceTree = "<group>"; };
		F5122A58216940FA00221437 /* FeaturedMovieResource.swift */ = {isa = PBXFileReference; lastKnownFileType = sourcecode.swift; path = FeaturedMovieResource.swift; sourceTree = "<group>"; };
		F5122A5B2169413300221437 /* RemoteFeaturedMovieResource.swift */ = {isa = PBXFileReference; lastKnownFileType = sourcecode.swift; path = RemoteFeaturedMovieResource.swift; sourceTree = "<group>"; };
		F5122A5E216941D500221437 /* StaticFeaturedMovieResource.swift */ = {isa = PBXFileReference; lastKnownFileType = sourcecode.swift; path = StaticFeaturedMovieResource.swift; sourceTree = "<group>"; };
		F5122A612169430000221437 /* Movie.swift */ = {isa = PBXFileReference; lastKnownFileType = sourcecode.swift; path = Movie.swift; sourceTree = "<group>"; };
		F5122A652169453300221437 /* NetworkingManager.swift */ = {isa = PBXFileReference; lastKnownFileType = sourcecode.swift; path = NetworkingManager.swift; sourceTree = "<group>"; };
		F5122A672169539500221437 /* HTTPMethod.swift */ = {isa = PBXFileReference; lastKnownFileType = sourcecode.swift; path = HTTPMethod.swift; sourceTree = "<group>"; };
		F5122A69216953AD00221437 /* Endpoint.swift */ = {isa = PBXFileReference; lastKnownFileType = sourcecode.swift; path = Endpoint.swift; sourceTree = "<group>"; };
		F5122A702169714900221437 /* MovieTest.swift */ = {isa = PBXFileReference; lastKnownFileType = sourcecode.swift; path = MovieTest.swift; sourceTree = "<group>"; };
		F5122A7321698B2900221437 /* movies.json */ = {isa = PBXFileReference; fileEncoding = 4; lastKnownFileType = text.json; path = movies.json; sourceTree = "<group>"; };
		F5122A7621698EEC00221437 /* JSONParserTests.swift */ = {isa = PBXFileReference; lastKnownFileType = sourcecode.swift; path = JSONParserTests.swift; sourceTree = "<group>"; };
		F5122A78216992F100221437 /* NetworkingTest.swift */ = {isa = PBXFileReference; lastKnownFileType = sourcecode.swift; path = NetworkingTest.swift; sourceTree = "<group>"; };
		F5122A7A216998F100221437 /* FeaturedMovieResourceTest.swift */ = {isa = PBXFileReference; lastKnownFileType = sourcecode.swift; path = FeaturedMovieResourceTest.swift; sourceTree = "<group>"; };
		F5122A7D2169AA5900221437 /* UIView+Extensions.swift */ = {isa = PBXFileReference; lastKnownFileType = sourcecode.swift; path = "UIView+Extensions.swift"; sourceTree = "<group>"; };
		F5122A802169AAEF00221437 /* FeaturedSectionView.swift */ = {isa = PBXFileReference; lastKnownFileType = sourcecode.swift; path = FeaturedSectionView.swift; sourceTree = "<group>"; };
		F5122A822169AB0400221437 /* FeaturedSectionView.xib */ = {isa = PBXFileReference; lastKnownFileType = file.xib; path = FeaturedSectionView.xib; sourceTree = "<group>"; };
		F5122A842169BCBA00221437 /* FeaturedMoviesSection.swift */ = {isa = PBXFileReference; lastKnownFileType = sourcecode.swift; path = FeaturedMoviesSection.swift; sourceTree = "<group>"; };
		F5122A872169BDE300221437 /* FeaturedMoviesViewModel.swift */ = {isa = PBXFileReference; lastKnownFileType = sourcecode.swift; path = FeaturedMoviesViewModel.swift; sourceTree = "<group>"; };
		F5122A892169C54E00221437 /* FeaturedSectionViewModel.swift */ = {isa = PBXFileReference; lastKnownFileType = sourcecode.swift; path = FeaturedSectionViewModel.swift; sourceTree = "<group>"; };
		F5122A8D216A2E9100221437 /* FeaturedSectionViewCell.swift */ = {isa = PBXFileReference; lastKnownFileType = sourcecode.swift; path = FeaturedSectionViewCell.swift; sourceTree = "<group>"; };
		F5122A8E216A2E9100221437 /* FeaturedSectionViewCell.xib */ = {isa = PBXFileReference; lastKnownFileType = file.xib; path = FeaturedSectionViewCell.xib; sourceTree = "<group>"; };
		F5122A91216A333C00221437 /* UIImageView+Extensions.swift */ = {isa = PBXFileReference; lastKnownFileType = sourcecode.swift; path = "UIImageView+Extensions.swift"; sourceTree = "<group>"; };
		F5122A93216A4A3800221437 /* UICollectionView+Extensions.swift */ = {isa = PBXFileReference; lastKnownFileType = sourcecode.swift; path = "UICollectionView+Extensions.swift"; sourceTree = "<group>"; };
		F5122A95216A4A5A00221437 /* NibLoadable.swift */ = {isa = PBXFileReference; lastKnownFileType = sourcecode.swift; path = NibLoadable.swift; sourceTree = "<group>"; };
		F5122A97216A4ABE00221437 /* FeaturedMoviesSectionTests.swift */ = {isa = PBXFileReference; lastKnownFileType = sourcecode.swift; path = FeaturedMoviesSectionTests.swift; sourceTree = "<group>"; };
		F5122A9B216A5A2C00221437 /* CarouselView.swift */ = {isa = PBXFileReference; lastKnownFileType = sourcecode.swift; path = CarouselView.swift; sourceTree = "<group>"; };
		F5122AA1216A5B8300221437 /* CarouselViewCell.swift */ = {isa = PBXFileReference; lastKnownFileType = sourcecode.swift; path = CarouselViewCell.swift; sourceTree = "<group>"; };
		F5122AA2216A5B8300221437 /* CarouselViewCell.xib */ = {isa = PBXFileReference; lastKnownFileType = file.xib; path = CarouselViewCell.xib; sourceTree = "<group>"; };
		F5122AA5216A76AD00221437 /* banners.json */ = {isa = PBXFileReference; fileEncoding = 4; lastKnownFileType = text.json; path = banners.json; sourceTree = "<group>"; };
/* End PBXFileReference section */

/* Begin PBXFrameworksBuildPhase section */
		F5122A132169345A00221437 /* Frameworks */ = {
			isa = PBXFrameworksBuildPhase;
			buildActionMask = 2147483647;
			files = (
			);
			runOnlyForDeploymentPostprocessing = 0;
		};
		F5122A272169345D00221437 /* Frameworks */ = {
			isa = PBXFrameworksBuildPhase;
			buildActionMask = 2147483647;
			files = (
			);
			runOnlyForDeploymentPostprocessing = 0;
		};
/* End PBXFrameworksBuildPhase section */

/* Begin PBXGroup section */
		F5122A0D2169345A00221437 = {
			isa = PBXGroup;
			children = (
				F5122A182169345A00221437 /* AMC */,
				F5122A2D2169345D00221437 /* AMCTests */,
				F5122A172169345A00221437 /* Products */,
			);
			sourceTree = "<group>";
		};
		F5122A172169345A00221437 /* Products */ = {
			isa = PBXGroup;
			children = (
				F5122A162169345A00221437 /* AMC.app */,
				F5122A2A2169345D00221437 /* AMCTests.xctest */,
			);
			name = Products;
			sourceTree = "<group>";
		};
		F5122A182169345A00221437 /* AMC */ = {
			isa = PBXGroup;
			children = (
				F5122A192169345B00221437 /* AppDelegate.swift */,
				F5122A39216935DE00221437 /* Features */,
				F5122A3F2169392A00221437 /* Utility */,
				F5122A3B216935FD00221437 /* Models */,
				F5122A3A216935ED00221437 /* Resources */,
				F5122A202169345D00221437 /* Assets.xcassets */,
				F5122A252169345D00221437 /* Info.plist */,
			);
			path = AMC;
			sourceTree = "<group>";
		};
		F5122A2D2169345D00221437 /* AMCTests */ = {
			isa = PBXGroup;
			children = (
				F5122A302169345D00221437 /* Info.plist */,
				F5122A702169714900221437 /* MovieTest.swift */,
				F5122A7621698EEC00221437 /* JSONParserTests.swift */,
				F5122A78216992F100221437 /* NetworkingTest.swift */,
				F5122A7A216998F100221437 /* FeaturedMovieResourceTest.swift */,
				F5122A97216A4ABE00221437 /* FeaturedMoviesSectionTests.swift */,
			);
			path = AMCTests;
			sourceTree = "<group>";
		};
		F5122A39216935DE00221437 /* Features */ = {
			isa = PBXGroup;
			children = (
				F5122A56216940D000221437 /* FeaturedMovies */,
			);
			path = Features;
			sourceTree = "<group>";
		};
		F5122A3A216935ED00221437 /* Resources */ = {
			isa = PBXGroup;
			children = (
				F5122A57216940E500221437 /* FeaturedMovies */,
				F5122A3C2169362600221437 /* Storyboards */,
			);
			path = Resources;
			sourceTree = "<group>";
		};
		F5122A3B216935FD00221437 /* Models */ = {
			isa = PBXGroup;
			children = (
				F5122A612169430000221437 /* Movie.swift */,
			);
			path = Models;
			sourceTree = "<group>";
		};
		F5122A3C2169362600221437 /* Storyboards */ = {
			isa = PBXGroup;
			children = (
				F5122A1D2169345B00221437 /* Main.storyboard */,
				F5122A222169345D00221437 /* LaunchScreen.storyboard */,
			);
			path = Storyboards;
			sourceTree = "<group>";
		};
		F5122A3F2169392A00221437 /* Utility */ = {
			isa = PBXGroup;
			children = (
				F5122A7C2169AA3E00221437 /* Extensions */,
				F5122A64216944F700221437 /* Networking */,
				F5122A4921693F7400221437 /* Errors */,
				F5122A4521693F3A00221437 /* JSON */,
				F5122A402169396600221437 /* Constants.swift */,
				F5122A4D2169401200221437 /* Result.swift */,
				F5122A95216A4A5A00221437 /* NibLoadable.swift */,
			);
			path = Utility;
			sourceTree = "<group>";
		};
		F5122A4521693F3A00221437 /* JSON */ = {
			isa = PBXGroup;
			children = (
				F5122A4621693F4B00221437 /* JSONFileReader.swift */,
				F5122A502169405500221437 /* JSONParser.swift */,
				F5122A532169407700221437 /* Model.swift */,
			);
			path = JSON;
			sourceTree = "<group>";
		};
		F5122A4921693F7400221437 /* Errors */ = {
			isa = PBXGroup;
			children = (
				F5122A4A21693F8600221437 /* UtilityError.swift */,
			);
			path = Errors;
			sourceTree = "<group>";
		};
		F5122A56216940D000221437 /* FeaturedMovies */ = {
			isa = PBXGroup;
			children = (
				F5122A862169BDCA00221437 /* ViewModels */,
				F5122A7F2169AAC400221437 /* Views */,
				F5122A3D2169369700221437 /* FeaturedMoviesViewController.swift */,
				F5122A842169BCBA00221437 /* FeaturedMoviesSection.swift */,
			);
			path = FeaturedMovies;
			sourceTree = "<group>";
		};
		F5122A57216940E500221437 /* FeaturedMovies */ = {
			isa = PBXGroup;
			children = (
				F5122A722169743200221437 /* JSON */,
				F5122A58216940FA00221437 /* FeaturedMovieResource.swift */,
				F5122A5B2169413300221437 /* RemoteFeaturedMovieResource.swift */,
				F5122A5E216941D500221437 /* StaticFeaturedMovieResource.swift */,
			);
			path = FeaturedMovies;
			sourceTree = "<group>";
		};
		F5122A64216944F700221437 /* Networking */ = {
			isa = PBXGroup;
			children = (
				F5122A652169453300221437 /* NetworkingManager.swift */,
				F5122A672169539500221437 /* HTTPMethod.swift */,
				F5122A69216953AD00221437 /* Endpoint.swift */,
			);
			path = Networking;
			sourceTree = "<group>";
		};
		F5122A722169743200221437 /* JSON */ = {
			isa = PBXGroup;
			children = (
				F5122AA5216A76AD00221437 /* banners.json */,
				F5122A7321698B2900221437 /* movies.json */,
			);
			path = JSON;
			sourceTree = "<group>";
		};
		F5122A7C2169AA3E00221437 /* Extensions */ = {
			isa = PBXGroup;
			children = (
				F5122A91216A333C00221437 /* UIImageView+Extensions.swift */,
				F5122A7D2169AA5900221437 /* UIView+Extensions.swift */,
				F5122A93216A4A3800221437 /* UICollectionView+Extensions.swift */,
			);
			path = Extensions;
			sourceTree = "<group>";
		};
		F5122A7F2169AAC400221437 /* Views */ = {
			isa = PBXGroup;
			children = (
				F5122A8C216A2E5900221437 /* Cells */,
				F5122A802169AAEF00221437 /* FeaturedSectionView.swift */,
				F5122A822169AB0400221437 /* FeaturedSectionView.xib */,
				F5122A9B216A5A2C00221437 /* CarouselView.swift */,
			);
			path = Views;
			sourceTree = "<group>";
		};
		F5122A862169BDCA00221437 /* ViewModels */ = {
			isa = PBXGroup;
			children = (
				F5122A872169BDE300221437 /* FeaturedMoviesViewModel.swift */,
				F5122A892169C54E00221437 /* FeaturedSectionViewModel.swift */,
			);
			path = ViewModels;
			sourceTree = "<group>";
		};
		F5122A8C216A2E5900221437 /* Cells */ = {
			isa = PBXGroup;
			children = (
				F5122A8D216A2E9100221437 /* FeaturedSectionViewCell.swift */,
				F5122A8E216A2E9100221437 /* FeaturedSectionViewCell.xib */,
				F5122AA1216A5B8300221437 /* CarouselViewCell.swift */,
				F5122AA2216A5B8300221437 /* CarouselViewCell.xib */,
			);
			path = Cells;
			sourceTree = "<group>";
		};
/* End PBXGroup section */

/* Begin PBXNativeTarget section */
		F5122A152169345A00221437 /* AMC */ = {
			isa = PBXNativeTarget;
			buildConfigurationList = F5122A332169345D00221437 /* Build configuration list for PBXNativeTarget "AMC" */;
			buildPhases = (
				F5122A122169345A00221437 /* Sources */,
				F5122A132169345A00221437 /* Frameworks */,
				F5122A142169345A00221437 /* Resources */,
			);
			buildRules = (
			);
			dependencies = (
			);
			name = AMC;
			productName = AMC;
			productReference = F5122A162169345A00221437 /* AMC.app */;
			productType = "com.apple.product-type.application";
		};
		F5122A292169345D00221437 /* AMCTests */ = {
			isa = PBXNativeTarget;
			buildConfigurationList = F5122A362169345D00221437 /* Build configuration list for PBXNativeTarget "AMCTests" */;
			buildPhases = (
				F5122A262169345D00221437 /* Sources */,
				F5122A272169345D00221437 /* Frameworks */,
				F5122A282169345D00221437 /* Resources */,
			);
			buildRules = (
			);
			dependencies = (
				F5122A2C2169345D00221437 /* PBXTargetDependency */,
			);
			name = AMCTests;
			productName = AMCTests;
			productReference = F5122A2A2169345D00221437 /* AMCTests.xctest */;
			productType = "com.apple.product-type.bundle.unit-test";
		};
/* End PBXNativeTarget section */

/* Begin PBXProject section */
		F5122A0E2169345A00221437 /* Project object */ = {
			isa = PBXProject;
			attributes = {
				LastSwiftUpdateCheck = 0940;
				LastUpgradeCheck = 0940;
				ORGANIZATIONNAME = "Bruno Agatte";
				TargetAttributes = {
					F5122A152169345A00221437 = {
						CreatedOnToolsVersion = 9.4.1;
					};
					F5122A292169345D00221437 = {
						CreatedOnToolsVersion = 9.4.1;
						TestTargetID = F5122A152169345A00221437;
					};
				};
			};
			buildConfigurationList = F5122A112169345A00221437 /* Build configuration list for PBXProject "AMC" */;
			compatibilityVersion = "Xcode 9.3";
			developmentRegion = en;
			hasScannedForEncodings = 0;
			knownRegions = (
				en,
				Base,
			);
			mainGroup = F5122A0D2169345A00221437;
			productRefGroup = F5122A172169345A00221437 /* Products */;
			projectDirPath = "";
			projectRoot = "";
			targets = (
				F5122A152169345A00221437 /* AMC */,
				F5122A292169345D00221437 /* AMCTests */,
			);
		};
/* End PBXProject section */

/* Begin PBXResourcesBuildPhase section */
		F5122A142169345A00221437 /* Resources */ = {
			isa = PBXResourcesBuildPhase;
			buildActionMask = 2147483647;
			files = (
				F5122A90216A2E9100221437 /* FeaturedSectionViewCell.xib in Resources */,
				F5122A242169345D00221437 /* LaunchScreen.storyboard in Resources */,
				F5122A212169345D00221437 /* Assets.xcassets in Resources */,
				F5122A832169AB0400221437 /* FeaturedSectionView.xib in Resources */,
				F5122A7521698CE200221437 /* movies.json in Resources */,
				F5122AA6216A76AD00221437 /* banners.json in Resources */,
				F5122AA4216A5B8300221437 /* CarouselViewCell.xib in Resources */,
				F5122A1F2169345B00221437 /* Main.storyboard in Resources */,
			);
			runOnlyForDeploymentPostprocessing = 0;
		};
		F5122A282169345D00221437 /* Resources */ = {
			isa = PBXResourcesBuildPhase;
			buildActionMask = 2147483647;
			files = (
				F5122A7421698B2900221437 /* movies.json in Resources */,
				F5122AA7216A76B300221437 /* banners.json in Resources */,
			);
			runOnlyForDeploymentPostprocessing = 0;
		};
/* End PBXResourcesBuildPhase section */

/* Begin PBXSourcesBuildPhase section */
		F5122A122169345A00221437 /* Sources */ = {
			isa = PBXSourcesBuildPhase;
			buildActionMask = 2147483647;
			files = (
				F5122A542169407700221437 /* Model.swift in Sources */,
				F5122A4721693F4B00221437 /* JSONFileReader.swift in Sources */,
				F5122A852169BCBA00221437 /* FeaturedMoviesSection.swift in Sources */,
				F5122A59216940FA00221437 /* FeaturedMovieResource.swift in Sources */,
				F5122A1A2169345B00221437 /* AppDelegate.swift in Sources */,
				F5122A512169405500221437 /* JSONParser.swift in Sources */,
				F5122A92216A333C00221437 /* UIImageView+Extensions.swift in Sources */,
				F5122A5C2169413300221437 /* RemoteFeaturedMovieResource.swift in Sources */,
				F5122A8F216A2E9100221437 /* FeaturedSectionViewCell.swift in Sources */,
				F5122A96216A4A5A00221437 /* NibLoadable.swift in Sources */,
				F5122A9C216A5A2C00221437 /* CarouselView.swift in Sources */,
				F5122A7E2169AA5900221437 /* UIView+Extensions.swift in Sources */,
				F5122AA3216A5B8300221437 /* CarouselViewCell.swift in Sources */,
				F5122A3E2169369700221437 /* FeaturedMoviesViewController.swift in Sources */,
				F5122A94216A4A3800221437 /* UICollectionView+Extensions.swift in Sources */,
				F5122A682169539500221437 /* HTTPMethod.swift in Sources */,
				F5122A5F216941D500221437 /* StaticFeaturedMovieResource.swift in Sources */,
				F5122A882169BDE300221437 /* FeaturedMoviesViewModel.swift in Sources */,
				F5122A6A216953AD00221437 /* Endpoint.swift in Sources */,
				F5122A4E2169401200221437 /* Result.swift in Sources */,
				F5122A622169430000221437 /* Movie.swift in Sources */,
				F5122A412169396600221437 /* Constants.swift in Sources */,
				F5122A4B21693F8600221437 /* UtilityError.swift in Sources */,
				F5122A662169453300221437 /* NetworkingManager.swift in Sources */,
				F5122A8A2169C54E00221437 /* FeaturedSectionViewModel.swift in Sources */,
				F5122A812169AAEF00221437 /* FeaturedSectionView.swift in Sources */,
			);
			runOnlyForDeploymentPostprocessing = 0;
		};
		F5122A262169345D00221437 /* Sources */ = {
			isa = PBXSourcesBuildPhase;
			buildActionMask = 2147483647;
			files = (
				F5122A552169407700221437 /* Model.swift in Sources */,
				F5122A632169430000221437 /* Movie.swift in Sources */,
				F5122A99216A4AC900221437 /* FeaturedMoviesSection.swift in Sources */,
				F5122A6E2169550500221437 /* Endpoint.swift in Sources */,
				F5122A60216941D500221437 /* StaticFeaturedMovieResource.swift in Sources */,
				F5122A4F2169401200221437 /* Result.swift in Sources */,
				F5122A522169405500221437 /* JSONParser.swift in Sources */,
				F5122A98216A4ABE00221437 /* FeaturedMoviesSectionTests.swift in Sources */,
				F5122A5D2169413300221437 /* RemoteFeaturedMovieResource.swift in Sources */,
				F5122A79216992F100221437 /* NetworkingTest.swift in Sources */,
				F5122A8B2169C58000221437 /* FeaturedSectionViewModel.swift in Sources */,
				F5122A6B2169546300221437 /* NetworkingManager.swift in Sources */,
				F5122A712169714900221437 /* MovieTest.swift in Sources */,
				F5122A9A216A4D0100221437 /* FeaturedMoviesViewModel.swift in Sources */,
				F5122A7B216998F100221437 /* FeaturedMovieResourceTest.swift in Sources */,
				F5122A6D216954C900221437 /* HTTPMethod.swift in Sources */,
				F5122A4821693F4B00221437 /* JSONFileReader.swift in Sources */,
				F5122A6F216955A400221437 /* Constants.swift in Sources */,
				F5122A7721698EEC00221437 /* JSONParserTests.swift in Sources */,
				F5122A5A216940FA00221437 /* FeaturedMovieResource.swift in Sources */,
				F5122A4C21693F8600221437 /* UtilityError.swift in Sources */,
			);
			runOnlyForDeploymentPostprocessing = 0;
		};
/* End PBXSourcesBuildPhase section */

/* Begin PBXTargetDependency section */
		F5122A2C2169345D00221437 /* PBXTargetDependency */ = {
			isa = PBXTargetDependency;
			target = F5122A152169345A00221437 /* AMC */;
			targetProxy = F5122A2B2169345D00221437 /* PBXContainerItemProxy */;
		};
/* End PBXTargetDependency section */

/* Begin PBXVariantGroup section */
		F5122A1D2169345B00221437 /* Main.storyboard */ = {
			isa = PBXVariantGroup;
			children = (
				F5122A1E2169345B00221437 /* Base */,
			);
			name = Main.storyboard;
			sourceTree = "<group>";
		};
		F5122A222169345D00221437 /* LaunchScreen.storyboard */ = {
			isa = PBXVariantGroup;
			children = (
				F5122A232169345D00221437 /* Base */,
			);
			name = LaunchScreen.storyboard;
			sourceTree = "<group>";
		};
/* End PBXVariantGroup section */

/* Begin XCBuildConfiguration section */
		F5122A312169345D00221437 /* Debug */ = {
			isa = XCBuildConfiguration;
			buildSettings = {
				ALWAYS_SEARCH_USER_PATHS = NO;
				CLANG_ANALYZER_NONNULL = YES;
				CLANG_ANALYZER_NUMBER_OBJECT_CONVERSION = YES_AGGRESSIVE;
				CLANG_CXX_LANGUAGE_STANDARD = "gnu++14";
				CLANG_CXX_LIBRARY = "libc++";
				CLANG_ENABLE_MODULES = YES;
				CLANG_ENABLE_OBJC_ARC = YES;
				CLANG_ENABLE_OBJC_WEAK = YES;
				CLANG_WARN_BLOCK_CAPTURE_AUTORELEASING = YES;
				CLANG_WARN_BOOL_CONVERSION = YES;
				CLANG_WARN_COMMA = YES;
				CLANG_WARN_CONSTANT_CONVERSION = YES;
				CLANG_WARN_DEPRECATED_OBJC_IMPLEMENTATIONS = YES;
				CLANG_WARN_DIRECT_OBJC_ISA_USAGE = YES_ERROR;
				CLANG_WARN_DOCUMENTATION_COMMENTS = YES;
				CLANG_WARN_EMPTY_BODY = YES;
				CLANG_WARN_ENUM_CONVERSION = YES;
				CLANG_WARN_INFINITE_RECURSION = YES;
				CLANG_WARN_INT_CONVERSION = YES;
				CLANG_WARN_NON_LITERAL_NULL_CONVERSION = YES;
				CLANG_WARN_OBJC_IMPLICIT_RETAIN_SELF = YES;
				CLANG_WARN_OBJC_LITERAL_CONVERSION = YES;
				CLANG_WARN_OBJC_ROOT_CLASS = YES_ERROR;
				CLANG_WARN_RANGE_LOOP_ANALYSIS = YES;
				CLANG_WARN_STRICT_PROTOTYPES = YES;
				CLANG_WARN_SUSPICIOUS_MOVE = YES;
				CLANG_WARN_UNGUARDED_AVAILABILITY = YES_AGGRESSIVE;
				CLANG_WARN_UNREACHABLE_CODE = YES;
				CLANG_WARN__DUPLICATE_METHOD_MATCH = YES;
				CODE_SIGN_IDENTITY = "iPhone Developer";
				COPY_PHASE_STRIP = NO;
				DEBUG_INFORMATION_FORMAT = dwarf;
				ENABLE_STRICT_OBJC_MSGSEND = YES;
				ENABLE_TESTABILITY = YES;
				GCC_C_LANGUAGE_STANDARD = gnu11;
				GCC_DYNAMIC_NO_PIC = NO;
				GCC_NO_COMMON_BLOCKS = YES;
				GCC_OPTIMIZATION_LEVEL = 0;
				GCC_PREPROCESSOR_DEFINITIONS = (
					"DEBUG=1",
					"$(inherited)",
				);
				GCC_WARN_64_TO_32_BIT_CONVERSION = YES;
				GCC_WARN_ABOUT_RETURN_TYPE = YES_ERROR;
				GCC_WARN_UNDECLARED_SELECTOR = YES;
				GCC_WARN_UNINITIALIZED_AUTOS = YES_AGGRESSIVE;
				GCC_WARN_UNUSED_FUNCTION = YES;
				GCC_WARN_UNUSED_VARIABLE = YES;
				IPHONEOS_DEPLOYMENT_TARGET = 11.4;
				MTL_ENABLE_DEBUG_INFO = YES;
				ONLY_ACTIVE_ARCH = YES;
				SDKROOT = iphoneos;
				SWIFT_ACTIVE_COMPILATION_CONDITIONS = DEBUG;
				SWIFT_OPTIMIZATION_LEVEL = "-Onone";
			};
			name = Debug;
		};
		F5122A322169345D00221437 /* Release */ = {
			isa = XCBuildConfiguration;
			buildSettings = {
				ALWAYS_SEARCH_USER_PATHS = NO;
				CLANG_ANALYZER_NONNULL = YES;
				CLANG_ANALYZER_NUMBER_OBJECT_CONVERSION = YES_AGGRESSIVE;
				CLANG_CXX_LANGUAGE_STANDARD = "gnu++14";
				CLANG_CXX_LIBRARY = "libc++";
				CLANG_ENABLE_MODULES = YES;
				CLANG_ENABLE_OBJC_ARC = YES;
				CLANG_ENABLE_OBJC_WEAK = YES;
				CLANG_WARN_BLOCK_CAPTURE_AUTORELEASING = YES;
				CLANG_WARN_BOOL_CONVERSION = YES;
				CLANG_WARN_COMMA = YES;
				CLANG_WARN_CONSTANT_CONVERSION = YES;
				CLANG_WARN_DEPRECATED_OBJC_IMPLEMENTATIONS = YES;
				CLANG_WARN_DIRECT_OBJC_ISA_USAGE = YES_ERROR;
				CLANG_WARN_DOCUMENTATION_COMMENTS = YES;
				CLANG_WARN_EMPTY_BODY = YES;
				CLANG_WARN_ENUM_CONVERSION = YES;
				CLANG_WARN_INFINITE_RECURSION = YES;
				CLANG_WARN_INT_CONVERSION = YES;
				CLANG_WARN_NON_LITERAL_NULL_CONVERSION = YES;
				CLANG_WARN_OBJC_IMPLICIT_RETAIN_SELF = YES;
				CLANG_WARN_OBJC_LITERAL_CONVERSION = YES;
				CLANG_WARN_OBJC_ROOT_CLASS = YES_ERROR;
				CLANG_WARN_RANGE_LOOP_ANALYSIS = YES;
				CLANG_WARN_STRICT_PROTOTYPES = YES;
				CLANG_WARN_SUSPICIOUS_MOVE = YES;
				CLANG_WARN_UNGUARDED_AVAILABILITY = YES_AGGRESSIVE;
				CLANG_WARN_UNREACHABLE_CODE = YES;
				CLANG_WARN__DUPLICATE_METHOD_MATCH = YES;
				CODE_SIGN_IDENTITY = "iPhone Developer";
				COPY_PHASE_STRIP = NO;
				DEBUG_INFORMATION_FORMAT = "dwarf-with-dsym";
				ENABLE_NS_ASSERTIONS = NO;
				ENABLE_STRICT_OBJC_MSGSEND = YES;
				GCC_C_LANGUAGE_STANDARD = gnu11;
				GCC_NO_COMMON_BLOCKS = YES;
				GCC_WARN_64_TO_32_BIT_CONVERSION = YES;
				GCC_WARN_ABOUT_RETURN_TYPE = YES_ERROR;
				GCC_WARN_UNDECLARED_SELECTOR = YES;
				GCC_WARN_UNINITIALIZED_AUTOS = YES_AGGRESSIVE;
				GCC_WARN_UNUSED_FUNCTION = YES;
				GCC_WARN_UNUSED_VARIABLE = YES;
				IPHONEOS_DEPLOYMENT_TARGET = 11.4;
				MTL_ENABLE_DEBUG_INFO = NO;
				SDKROOT = iphoneos;
				SWIFT_COMPILATION_MODE = wholemodule;
				SWIFT_OPTIMIZATION_LEVEL = "-O";
				VALIDATE_PRODUCT = YES;
			};
			name = Release;
		};
		F5122A342169345D00221437 /* Debug */ = {
			isa = XCBuildConfiguration;
			buildSettings = {
				ASSETCATALOG_COMPILER_APPICON_NAME = AppIcon;
				CODE_SIGN_STYLE = Automatic;
				DEVELOPMENT_TEAM = 8A323JBT65;
				INFOPLIST_FILE = AMC/Info.plist;
				LD_RUNPATH_SEARCH_PATHS = (
					"$(inherited)",
					"@executable_path/Frameworks",
				);
				PRODUCT_BUNDLE_IDENTIFIER = com.brunoagatte.AMC;
				PRODUCT_NAME = "$(TARGET_NAME)";
				SWIFT_VERSION = 4.0;
				TARGETED_DEVICE_FAMILY = "1,2";
			};
			name = Debug;
		};
		F5122A352169345D00221437 /* Release */ = {
			isa = XCBuildConfiguration;
			buildSettings = {
				ASSETCATALOG_COMPILER_APPICON_NAME = AppIcon;
				CODE_SIGN_STYLE = Automatic;
				DEVELOPMENT_TEAM = 8A323JBT65;
				INFOPLIST_FILE = AMC/Info.plist;
				LD_RUNPATH_SEARCH_PATHS = (
					"$(inherited)",
					"@executable_path/Frameworks",
				);
				PRODUCT_BUNDLE_IDENTIFIER = com.brunoagatte.AMC;
				PRODUCT_NAME = "$(TARGET_NAME)";
				SWIFT_VERSION = 4.0;
				TARGETED_DEVICE_FAMILY = "1,2";
			};
			name = Release;
		};
		F5122A372169345D00221437 /* Debug */ = {
			isa = XCBuildConfiguration;
			buildSettings = {
				ALWAYS_EMBED_SWIFT_STANDARD_LIBRARIES = YES;
				BUNDLE_LOADER = "$(TEST_HOST)";
				CODE_SIGN_STYLE = Automatic;
				INFOPLIST_FILE = AMCTests/Info.plist;
				LD_RUNPATH_SEARCH_PATHS = (
					"$(inherited)",
					"@executable_path/Frameworks",
					"@loader_path/Frameworks",
				);
				PRODUCT_BUNDLE_IDENTIFIER = com.brunoagatte.AMCTests;
				PRODUCT_NAME = "$(TARGET_NAME)";
				SWIFT_VERSION = 4.0;
				TARGETED_DEVICE_FAMILY = "1,2";
				TEST_HOST = "$(BUILT_PRODUCTS_DIR)/AMC.app/AMC";
			};
			name = Debug;
		};
		F5122A382169345D00221437 /* Release */ = {
			isa = XCBuildConfiguration;
			buildSettings = {
				ALWAYS_EMBED_SWIFT_STANDARD_LIBRARIES = YES;
				BUNDLE_LOADER = "$(TEST_HOST)";
				CODE_SIGN_STYLE = Automatic;
				INFOPLIST_FILE = AMCTests/Info.plist;
				LD_RUNPATH_SEARCH_PATHS = (
					"$(inherited)",
					"@executable_path/Frameworks",
					"@loader_path/Frameworks",
				);
				PRODUCT_BUNDLE_IDENTIFIER = com.brunoagatte.AMCTests;
				PRODUCT_NAME = "$(TARGET_NAME)";
				SWIFT_VERSION = 4.0;
				TARGETED_DEVICE_FAMILY = "1,2";
				TEST_HOST = "$(BUILT_PRODUCTS_DIR)/AMC.app/AMC";
			};
			name = Release;
		};
/* End XCBuildConfiguration section */

/* Begin XCConfigurationList section */
		F5122A112169345A00221437 /* Build configuration list for PBXProject "AMC" */ = {
			isa = XCConfigurationList;
			buildConfigurations = (
				F5122A312169345D00221437 /* Debug */,
				F5122A322169345D00221437 /* Release */,
			);
			defaultConfigurationIsVisible = 0;
			defaultConfigurationName = Release;
		};
		F5122A332169345D00221437 /* Build configuration list for PBXNativeTarget "AMC" */ = {
			isa = XCConfigurationList;
			buildConfigurations = (
				F5122A342169345D00221437 /* Debug */,
				F5122A352169345D00221437 /* Release */,
			);
			defaultConfigurationIsVisible = 0;
			defaultConfigurationName = Release;
		};
		F5122A362169345D00221437 /* Build configuration list for PBXNativeTarget "AMCTests" */ = {
			isa = XCConfigurationList;
			buildConfigurations = (
				F5122A372169345D00221437 /* Debug */,
				F5122A382169345D00221437 /* Release */,
			);
			defaultConfigurationIsVisible = 0;
			defaultConfigurationName = Release;
		};
/* End XCConfigurationList section */
	};
	rootObject = F5122A0E2169345A00221437 /* Project object */;
}
